
Microsoft Visual Studio Solution File, Format Version 12.00
# Visual Studio Version 17
VisualStudioVersion = 17.9.34728.123
MinimumVisualStudioVersion = 10.0.40219.1
Project("{8BC9CEB8-8B4A-11D0-8D11-00A0C91BC942}") = "ch1", "ch1\ch1.vcxproj", "{22C8A1BC-0BEC-49CF-98D6-0AD77F731EB0}"
EndProject
Project("{8BC9CEB8-8B4A-11D0-8D11-00A0C91BC942}") = "ch2", "ch2\ch2.vcxproj", "{218D5B7C-E0A5-42FC-A747-30B293E564E0}"
EndProject
Project("{8BC9CEB8-8B4A-11D0-8D11-00A0C91BC942}") = "ch3", "ch3\ch3.vcxproj", "{1B5AE568-32DB-4871-BF0A-971DE82A1FEC}"
EndProject
Project("{8BC9CEB8-8B4A-11D0-8D11-00A0C91BC942}") = "ch4", "ch4\ch4.vcxproj", "{B0F271F2-C067-4911-944E-D5B1F8C8A8ED}"
EndProject
Global
	GlobalSection(SolutionConfigurationPlatforms) = preSolution
		Debug|x64 = Debug|x64
		Debug|x86 = Debug|x86
		Release|x64 = Release|x64
		Release|x86 = Release|x86
	EndGlobalSection
	GlobalSection(ProjectConfigurationPlatforms) = postSolution
		{22C8A1BC-0BEC-49CF-98D6-0AD77F731EB0}.Debug|x64.ActiveCfg = Debug|x64
		{22C8A1BC-0BEC-49CF-98D6-0AD77F731EB0}.Debug|x64.Build.0 = Debug|x64
		{22C8A1BC-0BEC-49CF-98D6-0AD77F731EB0}.Debug|x86.ActiveCfg = Debug|Win32
		{22C8A1BC-0BEC-49CF-98D6-0AD77F731EB0}.Debug|x86.Build.0 = Debug|Win32
		{22C8A1BC-0BEC-49CF-98D6-0AD77F731EB0}.Release|x64.ActiveCfg = Release|x64
		{22C8A1BC-0BEC-49CF-98D6-0AD77F731EB0}.Release|x64.Build.0 = Release|x64
		{22C8A1BC-0BEC-49CF-98D6-0AD77F731EB0}.Release|x86.ActiveCfg = Release|Win32
		{22C8A1BC-0BEC-49CF-98D6-0AD77F731EB0}.Release|x86.Build.0 = Release|Win32
		{218D5B7C-E0A5-42FC-A747-30B293E564E0}.Debug|x64.ActiveCfg = Debug|x64
		{218D5B7C-E0A5-42FC-A747-30B293E564E0}.Debug|x64.Build.0 = Debug|x64
		{218D5B7C-E0A5-42FC-A747-30B293E564E0}.Debug|x86.ActiveCfg = Debug|Win32
		{218D5B7C-E0A5-42FC-A747-30B293E564E0}.Debug|x86.Build.0 = Debug|Win32
		{218D5B7C-E0A5-42FC-A747-30B293E564E0}.Release|x64.ActiveCfg = Release|x64
		{218D5B7C-E0A5-42FC-A747-30B293E564E0}.Release|x64.Build.0 = Release|x64
		{218D5B7C-E0A5-42FC-A747-30B293E564E0}.Release|x86.ActiveCfg = Release|Win32
		{218D5B7C-E0A5-42FC-A747-30B293E564E0}.Release|x86.Build.0 = Release|Win32
		{1B5AE568-32DB-4871-BF0A-971DE82A1FEC}.Debug|x64.ActiveCfg = Debug|x64
		{1B5AE568-32DB-4871-BF0A-971DE82A1FEC}.Debug|x64.Build.0 = Debug|x64
		{1B5AE568-32DB-4871-BF0A-971DE82A1FEC}.Debug|x86.ActiveCfg = Debug|Win32
		{1B5AE568-32DB-4871-BF0A-971DE82A1FEC}.Debug|x86.Build.0 = Debug|Win32
		{1B5AE568-32DB-4871-BF0A-971DE82A1FEC}.Release|x64.ActiveCfg = Release|x64
		{1B5AE568-32DB-4871-BF0A-971DE82A1FEC}.Release|x64.Build.0 = Release|x64
		{1B5AE568-32DB-4871-BF0A-971DE82A1FEC}.Release|x86.ActiveCfg = Release|Win32
		{1B5AE568-32DB-4871-BF0A-971DE82A1FEC}.Release|x86.Build.0 = Release|Win32
		{B0F271F2-C067-4911-944E-D5B1F8C8A8ED}.Debug|x64.ActiveCfg = Debug|x64
		{B0F271F2-C067-4911-944E-D5B1F8C8A8ED}.Debug|x64.Build.0 = Debug|x64
		{B0F271F2-C067-4911-944E-D5B1F8C8A8ED}.Debug|x86.ActiveCfg = Debug|Win32
		{B0F271F2-C067-4911-944E-D5B1F8C8A8ED}.Debug|x86.Build.0 = Debug|Win32
		{B0F271F2-C067-4911-944E-D5B1F8C8A8ED}.Release|x64.ActiveCfg = Release|x64
		{B0F271F2-C067-4911-944E-D5B1F8C8A8ED}.Release|x64.Build.0 = Release|x64
		{B0F271F2-C067-4911-944E-D5B1F8C8A8ED}.Release|x86.ActiveCfg = Release|Win32
		{B0F271F2-C067-4911-944E-D5B1F8C8A8ED}.Release|x86.Build.0 = Release|Win32
	EndGlobalSection
	GlobalSection(SolutionProperties) = preSolution
		HideSolutionNode = FALSE
	EndGlobalSection
	GlobalSection(ExtensibilityGlobals) = postSolution
		SolutionGuid = {CF4C1710-3936-45DA-97CD-75FC51CB874E}
	EndGlobalSection
EndGlobal
